
Microsoft Visual Studio Solution File, Format Version 12.00
# Visual Studio Version 17
VisualStudioVersion = 17.9.34728.123
MinimumVisualStudioVersion = 10.0.40219.1
Project("{2150E333-8FDC-42A3-9474-1A3956D46DE8}") = "API", "API", "{BF783A45-E3EC-45B0-BFCB-230D7CF7E4E5}"
EndProject
Project("{2150E333-8FDC-42A3-9474-1A3956D46DE8}") = "DDD", "DDD", "{F1100C80-6BD8-4A5C-93BA-9C28D4EB2656}"
EndProject
Project("{2150E333-8FDC-42A3-9474-1A3956D46DE8}") = "Tests", "Tests", "{514311F5-5A65-432F-A70D-A18560D8384D}"
EndProject
Project("{2150E333-8FDC-42A3-9474-1A3956D46DE8}") = "Application", "Application", "{28B73123-AACE-4635-8AE3-07FB2A1477D9}"
EndProject
Project("{2150E333-8FDC-42A3-9474-1A3956D46DE8}") = "Domain", "Domain", "{7867FC24-298B-41BB-B674-42F7E427589D}"
EndProject
Project("{2150E333-8FDC-42A3-9474-1A3956D46DE8}") = "InfraStructure", "InfraStructure", "{43AE31D2-75CC-4363-A300-98D3EF705489}"
EndProject
Project("{9A19103F-16F7-4668-BE54-9A1E7A4F7556}") = "ProdutosAPI.Application", "ProdutosAPI.Application\ProdutosAPI.Application.csproj", "{46910590-AE54-4656-99F9-5AB1D3E52C89}"
EndProject
Project("{9A19103F-16F7-4668-BE54-9A1E7A4F7556}") = "ProdutoAPI.Domain", "ProdutoAPI.Domain\ProdutoAPI.Domain.csproj", "{93831FE5-E754-470A-95CE-5BF96416D83C}"
EndProject
Project("{9A19103F-16F7-4668-BE54-9A1E7A4F7556}") = "ProdutoAPI.Service", "ProdutoAPI.Service\ProdutoAPI.Service.csproj", "{8701C695-8BC3-46E2-B108-7A9692C1C600}"
EndProject
Project("{9A19103F-16F7-4668-BE54-9A1E7A4F7556}") = "ProdutoAPI.Infra.Data.SqlServer", "ProdutoAPI.Infra.Data.SqlServer\ProdutoAPI.Infra.Data.SqlServer.csproj", "{A9009D29-6C07-49FA-83A1-16B29403A815}"
EndProject
Project("{9A19103F-16F7-4668-BE54-9A1E7A4F7556}") = "ProdutosAPI.Infra.Data.MongoDB", "ProdutosAPI.Infra.Data.MongoDB\ProdutosAPI.Infra.Data.MongoDB.csproj", "{EEF3C07B-1FCB-4BB0-A6DC-34D4400EAFC8}"
EndProject
Project("{9A19103F-16F7-4668-BE54-9A1E7A4F7556}") = "ProdutoAPI.Infra.IoC", "ProdutoAPI.Infra.IoC\ProdutoAPI.Infra.IoC.csproj", "{FFA9FFCB-E986-44F9-9DC6-5615FE7E3C47}"
EndProject
Project("{FAE04EC0-301F-11D3-BF4B-00C04F79EFBC}") = "ProdutosAPI.Teste", "ProdutosAPI.Teste\ProdutosAPI.Teste.csproj", "{196F1497-A2E9-483F-A05A-8B2268917300}"
EndProject
Global
	GlobalSection(SolutionConfigurationPlatforms) = preSolution
		Debug|Any CPU = Debug|Any CPU
		Release|Any CPU = Release|Any CPU
	EndGlobalSection
	GlobalSection(ProjectConfigurationPlatforms) = postSolution
		{46910590-AE54-4656-99F9-5AB1D3E52C89}.Debug|Any CPU.ActiveCfg = Debug|Any CPU
		{46910590-AE54-4656-99F9-5AB1D3E52C89}.Debug|Any CPU.Build.0 = Debug|Any CPU
		{46910590-AE54-4656-99F9-5AB1D3E52C89}.Release|Any CPU.ActiveCfg = Release|Any CPU
		{46910590-AE54-4656-99F9-5AB1D3E52C89}.Release|Any CPU.Build.0 = Release|Any CPU
		{93831FE5-E754-470A-95CE-5BF96416D83C}.Debug|Any CPU.ActiveCfg = Debug|Any CPU
		{93831FE5-E754-470A-95CE-5BF96416D83C}.Debug|Any CPU.Build.0 = Debug|Any CPU
		{93831FE5-E754-470A-95CE-5BF96416D83C}.Release|Any CPU.ActiveCfg = Release|Any CPU
		{93831FE5-E754-470A-95CE-5BF96416D83C}.Release|Any CPU.Build.0 = Release|Any CPU
		{8701C695-8BC3-46E2-B108-7A9692C1C600}.Debug|Any CPU.ActiveCfg = Debug|Any CPU
		{8701C695-8BC3-46E2-B108-7A9692C1C600}.Debug|Any CPU.Build.0 = Debug|Any CPU
		{8701C695-8BC3-46E2-B108-7A9692C1C600}.Release|Any CPU.ActiveCfg = Release|Any CPU
		{8701C695-8BC3-46E2-B108-7A9692C1C600}.Release|Any CPU.Build.0 = Release|Any CPU
		{A9009D29-6C07-49FA-83A1-16B29403A815}.Debug|Any CPU.ActiveCfg = Debug|Any CPU
		{A9009D29-6C07-49FA-83A1-16B29403A815}.Debug|Any CPU.Build.0 = Debug|Any CPU
		{A9009D29-6C07-49FA-83A1-16B29403A815}.Release|Any CPU.ActiveCfg = Release|Any CPU
		{A9009D29-6C07-49FA-83A1-16B29403A815}.Release|Any CPU.Build.0 = Release|Any CPU
		{EEF3C07B-1FCB-4BB0-A6DC-34D4400EAFC8}.Debug|Any CPU.ActiveCfg = Debug|Any CPU
		{EEF3C07B-1FCB-4BB0-A6DC-34D4400EAFC8}.Debug|Any CPU.Build.0 = Debug|Any CPU
		{EEF3C07B-1FCB-4BB0-A6DC-34D4400EAFC8}.Release|Any CPU.ActiveCfg = Release|Any CPU
		{EEF3C07B-1FCB-4BB0-A6DC-34D4400EAFC8}.Release|Any CPU.Build.0 = Release|Any CPU
		{FFA9FFCB-E986-44F9-9DC6-5615FE7E3C47}.Debug|Any CPU.ActiveCfg = Debug|Any CPU
		{FFA9FFCB-E986-44F9-9DC6-5615FE7E3C47}.Debug|Any CPU.Build.0 = Debug|Any CPU
		{FFA9FFCB-E986-44F9-9DC6-5615FE7E3C47}.Release|Any CPU.ActiveCfg = Release|Any CPU
		{FFA9FFCB-E986-44F9-9DC6-5615FE7E3C47}.Release|Any CPU.Build.0 = Release|Any CPU
		{196F1497-A2E9-483F-A05A-8B2268917300}.Debug|Any CPU.ActiveCfg = Debug|Any CPU
		{196F1497-A2E9-483F-A05A-8B2268917300}.Debug|Any CPU.Build.0 = Debug|Any CPU
		{196F1497-A2E9-483F-A05A-8B2268917300}.Release|Any CPU.ActiveCfg = Release|Any CPU
		{196F1497-A2E9-483F-A05A-8B2268917300}.Release|Any CPU.Build.0 = Release|Any CPU
	EndGlobalSection
	GlobalSection(SolutionProperties) = preSolution
		HideSolutionNode = FALSE
	EndGlobalSection
	GlobalSection(NestedProjects) = preSolution
		{28B73123-AACE-4635-8AE3-07FB2A1477D9} = {F1100C80-6BD8-4A5C-93BA-9C28D4EB2656}
		{7867FC24-298B-41BB-B674-42F7E427589D} = {F1100C80-6BD8-4A5C-93BA-9C28D4EB2656}
		{43AE31D2-75CC-4363-A300-98D3EF705489} = {F1100C80-6BD8-4A5C-93BA-9C28D4EB2656}
		{46910590-AE54-4656-99F9-5AB1D3E52C89} = {28B73123-AACE-4635-8AE3-07FB2A1477D9}
		{93831FE5-E754-470A-95CE-5BF96416D83C} = {7867FC24-298B-41BB-B674-42F7E427589D}
		{8701C695-8BC3-46E2-B108-7A9692C1C600} = {BF783A45-E3EC-45B0-BFCB-230D7CF7E4E5}
		{A9009D29-6C07-49FA-83A1-16B29403A815} = {43AE31D2-75CC-4363-A300-98D3EF705489}
		{EEF3C07B-1FCB-4BB0-A6DC-34D4400EAFC8} = {43AE31D2-75CC-4363-A300-98D3EF705489}
		{FFA9FFCB-E986-44F9-9DC6-5615FE7E3C47} = {43AE31D2-75CC-4363-A300-98D3EF705489}
		{196F1497-A2E9-483F-A05A-8B2268917300} = {514311F5-5A65-432F-A70D-A18560D8384D}
	EndGlobalSection
	GlobalSection(ExtensibilityGlobals) = postSolution
		SolutionGuid = {8CAF2B9F-F77C-4835-9E6D-BFAFCA8A587E}
	EndGlobalSection
EndGlobal
